
Microsoft Visual Studio Solution File, Format Version 12.00
Project("{FAE04EC0-301F-11D3-BF4B-00C04F79EFBC}") = "ConsoleLearnCSharp", "ConsoleLearnCSharp\ConsoleLearnCSharp.csproj", "{3A737167-3C87-4773-A0D8-EBEFEC7890DA}"
EndProject
Global
	GlobalSection(SolutionConfigurationPlatforms) = preSolution
		Debug|Any CPU = Debug|Any CPU
		Release|Any CPU = Release|Any CPU
	EndGlobalSection
	GlobalSection(ProjectConfigurationPlatforms) = postSolution
		{3A737167-3C87-4773-A0D8-EBEFEC7890DA}.Debug|Any CPU.ActiveCfg = Debug|Any CPU
		{3A737167-3C87-4773-A0D8-EBEFEC7890DA}.Debug|Any CPU.Build.0 = Debug|Any CPU
		{3A737167-3C87-4773-A0D8-EBEFEC7890DA}.Release|Any CPU.ActiveCfg = Release|Any CPU
		{3A737167-3C87-4773-A0D8-EBEFEC7890DA}.Release|Any CPU.Build.0 = Release|Any CPU
	EndGlobalSection
EndGlobal
